{
  "type": "module",
  "name": "projet1-pianovirtuel-bruno-jordan",
  "version": "1.0.0",
  "lockfileVersion": 3,
  "requires": true,
  "packages": {
    "": {
      "name": "projet1-pianovirtuel-bruno-jordan",
      "version": "1.0.0",
      "license": "ISC",
      "dependencies": {
        "raindeer": "^0.2.0"
      }
    },
    "node_modules/raindeer": {
      "version": "0.2.0",
      "resolved": "https://registry.npmjs.org/raindeer/-/raindeer-0.2.0.tgz",
      "integrity": "sha512-S7fbzsHHqLBaPX3eTbvp0ETr3fQd1EcnZ0EYGYofZkZ2uKPX7B+HiwO4TrjJCEYV9GATOBK08b/qoLUSY0nM3A==",
      "license": "MIT"
    }
  }
}
